
Microsoft Visual Studio Solution File, Format Version 12.00
# Visual Studio Version 17
VisualStudioVersion = 17.3.32929.385
MinimumVisualStudioVersion = 10.0.40219.1
Project("{FAE04EC0-301F-11D3-BF4B-00C04F79EFBC}") = "Moving ball assignment", "Moving ball assignment\Moving ball assignment.csproj", "{D02C5E09-8AD9-477C-8A47-C70686B88341}"
EndProject
Global
	GlobalSection(SolutionConfigurationPlatforms) = preSolution
		Debug|Any CPU = Debug|Any CPU
		Release|Any CPU = Release|Any CPU
	EndGlobalSection
	GlobalSection(ProjectConfigurationPlatforms) = postSolution
		{D02C5E09-8AD9-477C-8A47-C70686B88341}.Debug|Any CPU.ActiveCfg = Debug|Any CPU
		{D02C5E09-8AD9-477C-8A47-C70686B88341}.Debug|Any CPU.Build.0 = Debug|Any CPU
		{D02C5E09-8AD9-477C-8A47-C70686B88341}.Release|Any CPU.ActiveCfg = Release|Any CPU
		{D02C5E09-8AD9-477C-8A47-C70686B88341}.Release|Any CPU.Build.0 = Release|Any CPU
	EndGlobalSection
	GlobalSection(SolutionProperties) = preSolution
		HideSolutionNode = FALSE
	EndGlobalSection
	GlobalSection(ExtensibilityGlobals) = postSolution
		SolutionGuid = {3A2D3029-7000-4F86-B51C-C8D27AD95A77}
	EndGlobalSection
EndGlobal
